// !$*UTF8*$!
{
	archiveVersion = 1;
	classes = {
	};
	objectVersion = 100;
	objects = {

/* Begin PBXBuildFile section */
		24D7D0452FA5622700FEA8A8 /* WhisperKit in Frameworks */ = {isa = PBXBuildFile; productRef = 24D7D0442FA5622700FEA8A8 /* WhisperKit */; };
/* End PBXBuildFile section */

/* Begin PBXContainerItemProxy section */
		245E67FD2FA63C6300BB4C21 /* PBXContainerItemProxy */ = {
			isa = PBXContainerItemProxy;
			containerPortal = 24D7CEE82FA5169800FEA8A8 /* Project object */;
			proxyType = 1;
			remoteGlobalIDString = 24D7CEEF2FA5169800FEA8A8;
			remoteInfo = Type.Oh;
		};
/* End PBXContainerItemProxy section */

/* Begin PBXFileReference section */
		245E67F22FA639CB00BB4C21 /* SettingsStoreTests.swift */ = {isa = PBXFileReference; lastKnownFileType = sourcecode.swift; path = SettingsStoreTests.swift; sourceTree = "<group>"; };
		245E67F32FA639D200BB4C21 /* StylePresetsTests.swift */ = {isa = PBXFileReference; lastKnownFileType = sourcecode.swift; path = StylePresetsTests.swift; sourceTree = "<group>"; };
		245E67F42FA639D900BB4C21 /* ModelManagerTests.swift */ = {isa = PBXFileReference; lastKnownFileType = sourcecode.swift; path = ModelManagerTests.swift; sourceTree = "<group>"; };
		245E67F92FA63C6300BB4C21 /* Type.OhTests.xctest */ = {isa = PBXFileReference; explicitFileType = wrapper.cfbundle; includeInIndex = 0; path = Type.OhTests.xctest; sourceTree = BUILT_PRODUCTS_DIR; };
		245E68082FA63D6500BB4C21 /* Type.Oh.xctestplan */ = {isa = PBXFileReference; lastKnownFileType = text; path = Type.Oh.xctestplan; sourceTree = "<group>"; };
		24D7CEF02FA5169800FEA8A8 /* Type.Oh.app */ = {isa = PBXFileReference; explicitFileType = wrapper.application; includeInIndex = 0; path = Type.Oh.app; sourceTree = BUILT_PRODUCTS_DIR; };
/* End PBXFileReference section */

/* Begin PBXFileSystemSynchronizedRootGroup section */
		245E67FA2FA63C6300BB4C21 /* Type.OhTests */ = {
			isa = PBXFileSystemSynchronizedRootGroup;
			path = Type.OhTests;
			sourceTree = "<group>";
		};
		24D7CEF22FA5169800FEA8A8 /* Type.Oh */ = {
			isa = PBXFileSystemSynchronizedRootGroup;
			path = Type.Oh;
			sourceTree = "<group>";
		};
/* End PBXFileSystemSynchronizedRootGroup section */

/* Begin PBXFrameworksBuildPhase section */
		245E67F62FA63C6300BB4C21 /* Frameworks */ = {
			isa = PBXFrameworksBuildPhase;
			files = (
			);
		};
		24D7CEED2FA5169800FEA8A8 /* Frameworks */ = {
			isa = PBXFrameworksBuildPhase;
			files = (
				24D7D0452FA5622700FEA8A8 /* WhisperKit in Frameworks */,
			);
		};
/* End PBXFrameworksBuildPhase section */

/* Begin PBXGroup section */
		245E67F12FA639BD00BB4C21 /* Type.OhTests */ = {
			isa = PBXGroup;
			children = (
				245E67F22FA639CB00BB4C21 /* SettingsStoreTests.swift */,
				245E67F32FA639D200BB4C21 /* StylePresetsTests.swift */,
				245E67F42FA639D900BB4C21 /* ModelManagerTests.swift */,
			);
			path = Type.OhTests;
			sourceTree = "<group>";
		};
		24D7CEE72FA5169800FEA8A8 = {
			isa = PBXGroup;
			children = (
				245E68082FA63D6500BB4C21 /* Type.Oh.xctestplan */,
				24D7CEF22FA5169800FEA8A8 /* Type.Oh */,
				245E67FA2FA63C6300BB4C21 /* Type.OhTests */,
				24D7CEF12FA5169800FEA8A8 /* Products */,
				245E67F12FA639BD00BB4C21 /* Type.OhTests */,
			);
			sourceTree = "<group>";
		};
		24D7CEF12FA5169800FEA8A8 /* Products */ = {
			isa = PBXGroup;
			children = (
				24D7CEF02FA5169800FEA8A8 /* Type.Oh.app */,
				245E67F92FA63C6300BB4C21 /* Type.OhTests.xctest */,
			);
			name = Products;
			sourceTree = "<group>";
		};
/* End PBXGroup section */

/* Begin PBXNativeTarget section */
		245E67F82FA63C6300BB4C21 /* Type.OhTests */ = {
			isa = PBXNativeTarget;
			buildConfigurationList = 245E67FF2FA63C6300BB4C21 /* Build configuration list for PBXNativeTarget "Type.OhTests" */;
			buildPhases = (
				245E67F52FA63C6300BB4C21 /* Sources */,
				245E67F62FA63C6300BB4C21 /* Frameworks */,
				245E67F72FA63C6300BB4C21 /* Resources */,
			);
			buildRules = (
			);
			dependencies = (
				245E67FE2FA63C6300BB4C21 /* PBXTargetDependency */,
			);
			fileSystemSynchronizedGroups = (
				245E67FA2FA63C6300BB4C21 /* Type.OhTests */,
			);
			name = Type.OhTests;
			productName = Type.OhTests;
			productReference = 245E67F92FA63C6300BB4C21 /* Type.OhTests.xctest */;
			productType = "com.apple.product-type.bundle.unit-test";
		};
		24D7CEEF2FA5169800FEA8A8 /* Type.Oh */ = {
			isa = PBXNativeTarget;
			buildConfigurationList = 24D7CEFB2FA5169900FEA8A8 /* Build configuration list for PBXNativeTarget "Type.Oh" */;
			buildPhases = (
				24D7CEEC2FA5169800FEA8A8 /* Sources */,
				24D7CEED2FA5169800FEA8A8 /* Frameworks */,
				24D7CEEE2FA5169800FEA8A8 /* Resources */,
			);
			buildRules = (
			);
			fileSystemSynchronizedGroups = (
				24D7CEF22FA5169800FEA8A8 /* Type.Oh */,
			);
			name = Type.Oh;
			packageProductDependencies = (
				24D7D0442FA5622700FEA8A8 /* WhisperKit */,
			);
			productName = Type.Oh;
			productReference = 24D7CEF02FA5169800FEA8A8 /* Type.Oh.app */;
			productType = "com.apple.product-type.application";
		};
/* End PBXNativeTarget section */

/* Begin PBXProject section */
		24D7CEE82FA5169800FEA8A8 /* Project object */ = {
			isa = PBXProject;
			attributes = {
				BuildIndependentTargetsInParallel = 1;
				LastSwiftUpdateCheck = 2640;
				LastUpgradeCheck = 2640;
				TargetAttributes = {
					245E67F82FA63C6300BB4C21 = {
						CreatedOnToolsVersion = 26.4.1;
						TestTargetID = 24D7CEEF2FA5169800FEA8A8;
					};
					24D7CEEF2FA5169800FEA8A8 = {
						CreatedOnToolsVersion = 26.4.1;
					};
				};
			};
			buildConfigurationList = 24D7CEEB2FA5169800FEA8A8 /* Build configuration list for PBXProject "Type.Oh" */;
			developmentRegion = en;
			hasScannedForEncodings = 0;
			knownRegions = (
				en,
				Base,
			);
			mainGroup = 24D7CEE72FA5169800FEA8A8;
			minimizedProjectReferenceProxies = 1;
			packageReferences = (
				24D7D0432FA5622700FEA8A8 /* XCRemoteSwiftPackageReference "argmax-oss-swift" */,
			);
			preferredProjectObjectVersion = 100;
			productRefGroup = 24D7CEF12FA5169800FEA8A8 /* Products */;
			projectDirPath = "";
			projectRoot = "";
			targets = (
				24D7CEEF2FA5169800FEA8A8 /* Type.Oh */,
				245E67F82FA63C6300BB4C21 /* Type.OhTests */,
			);
		};
/* End PBXProject section */

/* Begin PBXResourcesBuildPhase section */
		245E67F72FA63C6300BB4C21 /* Resources */ = {
			isa = PBXResourcesBuildPhase;
			files = (
			);
		};
		24D7CEEE2FA5169800FEA8A8 /* Resources */ = {
			isa = PBXResourcesBuildPhase;
			files = (
			);
		};
/* End PBXResourcesBuildPhase section */

/* Begin PBXSourcesBuildPhase section */
		245E67F52FA63C6300BB4C21 /* Sources */ = {
			isa = PBXSourcesBuildPhase;
			files = (
			);
		};
		24D7CEEC2FA5169800FEA8A8 /* Sources */ = {
			isa = PBXSourcesBuildPhase;
			files = (
			);
		};
/* End PBXSourcesBuildPhase section */

/* Begin PBXTargetDependency section */
		245E67FE2FA63C6300BB4C21 /* PBXTargetDependency */ = {
			isa = PBXTargetDependency;
			target = 24D7CEEF2FA5169800FEA8A8 /* Type.Oh */;
			targetProxy = 245E67FD2FA63C6300BB4C21 /* PBXContainerItemProxy */;
		};
/* End PBXTargetDependency section */

/* Begin XCBuildConfiguration section */
		245E68002FA63C6300BB4C21 /* Debug configuration for PBXNativeTarget "Type.OhTests" */ = {
			isa = XCBuildConfiguration;
			buildSettings = {
				BUNDLE_LOADER = "$(TEST_HOST)";
				CODE_SIGN_STYLE = Automatic;
				CURRENT_PROJECT_VERSION = 1;
				GENERATE_INFOPLIST_FILE = YES;
				MARKETING_VERSION = 1.0;
				PRODUCT_BUNDLE_IDENTIFIER = "noob-noob420.Type-OhTests";
				PRODUCT_NAME = "$(TARGET_NAME)";
				STRING_CATALOG_GENERATE_SYMBOLS = NO;
				SWIFT_APPROACHABLE_CONCURRENCY = YES;
				SWIFT_EMIT_LOC_STRINGS = NO;
				SWIFT_UPCOMING_FEATURE_MEMBER_IMPORT_VISIBILITY = YES;
				SWIFT_VERSION = 5.0;
				TEST_HOST = "$(BUILT_PRODUCTS_DIR)/Type.Oh.app/$(BUNDLE_EXECUTABLE_FOLDER_PATH)/Type.Oh";
			};
			name = Debug;
		};
		245E68012FA63C6300BB4C21 /* Release configuration for PBXNativeTarget "Type.OhTests" */ = {
			isa = XCBuildConfiguration;
			buildSettings = {
				BUNDLE_LOADER = "$(TEST_HOST)";
				CODE_SIGN_STYLE = Automatic;
				CURRENT_PROJECT_VERSION = 1;
				GENERATE_INFOPLIST_FILE = YES;
				MARKETING_VERSION = 1.0;
				PRODUCT_BUNDLE_IDENTIFIER = "noob-noob420.Type-OhTests";
				PRODUCT_NAME = "$(TARGET_NAME)";
				STRING_CATALOG_GENERATE_SYMBOLS = NO;
				SWIFT_APPROACHABLE_CONCURRENCY = YES;
				SWIFT_EMIT_LOC_STRINGS = NO;
				SWIFT_UPCOMING_FEATURE_MEMBER_IMPORT_VISIBILITY = YES;
				SWIFT_VERSION = 5.0;
				TEST_HOST = "$(BUILT_PRODUCTS_DIR)/Type.Oh.app/$(BUNDLE_EXECUTABLE_FOLDER_PATH)/Type.Oh";
			};
			name = Release;
		};
		24D7CEF92FA5169900FEA8A8 /* Debug configuration for PBXProject "Type.Oh" */ = {
			isa = XCBuildConfiguration;
			buildSettings = {
				ALWAYS_SEARCH_USER_PATHS = NO;
				ASSETCATALOG_COMPILER_ALTERNATE_APPICON_NAMES = menuBarIcon;
				ASSETCATALOG_COMPILER_APPICON_NAME = AppIcon;
				ASSETCATALOG_COMPILER_GENERATE_SWIFT_ASSET_SYMBOL_EXTENSIONS = YES;
				CLANG_ANALYZER_NONNULL = YES;
				CLANG_ANALYZER_NUMBER_OBJECT_CONVERSION = YES_AGGRESSIVE;
				CLANG_CXX_LANGUAGE_STANDARD = "gnu++20";
				CLANG_ENABLE_MODULES = YES;
				CLANG_ENABLE_OBJC_ARC = YES;
				CLANG_ENABLE_OBJC_WEAK = YES;
				CLANG_WARN_BLOCK_CAPTURE_AUTORELEASING = YES;
				CLANG_WARN_BOOL_CONVERSION = YES;
				CLANG_WARN_COMMA = YES;
				CLANG_WARN_CONSTANT_CONVERSION = YES;
				CLANG_WARN_DEPRECATED_OBJC_IMPLEMENTATIONS = YES;
				CLANG_WARN_DIRECT_OBJC_ISA_USAGE = YES_ERROR;
				CLANG_WARN_DOCUMENTATION_COMMENTS = YES;
				CLANG_WARN_EMPTY_BODY = YES;
				CLANG_WARN_ENUM_CONVERSION = YES;
				CLANG_WARN_INFINITE_RECURSION = YES;
				CLANG_WARN_INT_CONVERSION = YES;
				CLANG_WARN_NON_LITERAL_NULL_CONVERSION = YES;
				CLANG_WARN_OBJC_IMPLICIT_RETAIN_SELF = YES;
				CLANG_WARN_OBJC_LITERAL_CONVERSION = YES;
				CLANG_WARN_OBJC_ROOT_CLASS = YES_ERROR;
				CLANG_WARN_QUOTED_INCLUDE_IN_FRAMEWORK_HEADER = YES;
				CLANG_WARN_RANGE_LOOP_ANALYSIS = YES;
				CLANG_WARN_STRICT_PROTOTYPES = YES;
				CLANG_WARN_SUSPICIOUS_MOVE = YES;
				CLANG_WARN_UNGUARDED_AVAILABILITY = YES_AGGRESSIVE;
				CLANG_WARN_UNREACHABLE_CODE = YES;
				CLANG_WARN__DUPLICATE_METHOD_MATCH = YES;
				COPY_PHASE_STRIP = NO;
				DEBUG_INFORMATION_FORMAT = dwarf;
				ENABLE_STRICT_OBJC_MSGSEND = YES;
				ENABLE_TESTABILITY = YES;
				ENABLE_USER_SCRIPT_SANDBOXING = YES;
				GCC_C_LANGUAGE_STANDARD = gnu17;
				GCC_DYNAMIC_NO_PIC = NO;
				GCC_NO_COMMON_BLOCKS = YES;
				GCC_OPTIMIZATION_LEVEL = 0;
				GCC_PREPROCESSOR_DEFINITIONS = (
					"DEBUG=1",
					"$(inherited)",
				);
				GCC_WARN_64_TO_32_BIT_CONVERSION = YES;
				GCC_WARN_ABOUT_RETURN_TYPE = YES_ERROR;
				GCC_WARN_UNDECLARED_SELECTOR = YES;
				GCC_WARN_UNINITIALIZED_AUTOS = YES_AGGRESSIVE;
				GCC_WARN_UNUSED_FUNCTION = YES;
				GCC_WARN_UNUSED_VARIABLE = YES;
				LOCALIZATION_PREFERS_STRING_CATALOGS = YES;
				MACOSX_DEPLOYMENT_TARGET = 26.3;
				MTL_ENABLE_DEBUG_INFO = INCLUDE_SOURCE;
				MTL_FAST_MATH = YES;
				ONLY_ACTIVE_ARCH = YES;
				SDKROOT = macosx;
				SWIFT_ACTIVE_COMPILATION_CONDITIONS = "DEBUG $(inherited)";
				SWIFT_OPTIMIZATION_LEVEL = "-Onone";
			};
			name = Debug;
		};
		24D7CEFA2FA5169900FEA8A8 /* Release configuration for PBXProject "Type.Oh" */ = {
			isa = XCBuildConfiguration;
			buildSettings = {
				ALWAYS_SEARCH_USER_PATHS = NO;
				ASSETCATALOG_COMPILER_ALTERNATE_APPICON_NAMES = menuBarIcon;
				ASSETCATALOG_COMPILER_APPICON_NAME = AppIcon;
				ASSETCATALOG_COMPILER_GENERATE_SWIFT_ASSET_SYMBOL_EXTENSIONS = YES;
				CLANG_ANALYZER_NONNULL = YES;
				CLANG_ANALYZER_NUMBER_OBJECT_CONVERSION = YES_AGGRESSIVE;
				CLANG_CXX_LANGUAGE_STANDARD = "gnu++20";
				CLANG_ENABLE_MODULES = YES;
				CLANG_ENABLE_OBJC_ARC = YES;
				CLANG_ENABLE_OBJC_WEAK = YES;
				CLANG_WARN_BLOCK_CAPTURE_AUTORELEASING = YES;
				CLANG_WARN_BOOL_CONVERSION = YES;
				CLANG_WARN_COMMA = YES;
				CLANG_WARN_CONSTANT_CONVERSION = YES;
				CLANG_WARN_DEPRECATED_OBJC_IMPLEMENTATIONS = YES;
				CLANG_WARN_DIRECT_OBJC_ISA_USAGE = YES_ERROR;
				CLANG_WARN_DOCUMENTATION_COMMENTS = YES;
				CLANG_WARN_EMPTY_BODY = YES;
				CLANG_WARN_ENUM_CONVERSION = YES;
				CLANG_WARN_INFINITE_RECURSION = YES;
				CLANG_WARN_INT_CONVERSION = YES;
				CLANG_WARN_NON_LITERAL_NULL_CONVERSION = YES;
				CLANG_WARN_OBJC_IMPLICIT_RETAIN_SELF = YES;
				CLANG_WARN_OBJC_LITERAL_CONVERSION = YES;
				CLANG_WARN_OBJC_ROOT_CLASS = YES_ERROR;
				CLANG_WARN_QUOTED_INCLUDE_IN_FRAMEWORK_HEADER = YES;
				CLANG_WARN_RANGE_LOOP_ANALYSIS = YES;
				CLANG_WARN_STRICT_PROTOTYPES = YES;
				CLANG_WARN_SUSPICIOUS_MOVE = YES;
				CLANG_WARN_UNGUARDED_AVAILABILITY = YES_AGGRESSIVE;
				CLANG_WARN_UNREACHABLE_CODE = YES;
				CLANG_WARN__DUPLICATE_METHOD_MATCH = YES;
				COPY_PHASE_STRIP = NO;
				DEBUG_INFORMATION_FORMAT = "dwarf-with-dsym";
				ENABLE_NS_ASSERTIONS = NO;
				ENABLE_STRICT_OBJC_MSGSEND = YES;
				ENABLE_USER_SCRIPT_SANDBOXING = YES;
				GCC_C_LANGUAGE_STANDARD = gnu17;
				GCC_NO_COMMON_BLOCKS = YES;
				GCC_WARN_64_TO_32_BIT_CONVERSION = YES;
				GCC_WARN_ABOUT_RETURN_TYPE = YES_ERROR;
				GCC_WARN_UNDECLARED_SELECTOR = YES;
				GCC_WARN_UNINITIALIZED_AUTOS = YES_AGGRESSIVE;
				GCC_WARN_UNUSED_FUNCTION = YES;
				GCC_WARN_UNUSED_VARIABLE = YES;
				LOCALIZATION_PREFERS_STRING_CATALOGS = YES;
				MACOSX_DEPLOYMENT_TARGET = 26.3;
				MTL_ENABLE_DEBUG_INFO = NO;
				MTL_FAST_MATH = YES;
				ONLY_ACTIVE_ARCH = YES;
				SDKROOT = macosx;
				SWIFT_COMPILATION_MODE = wholemodule;
			};
			name = Release;
		};
		24D7CEFC2FA5169900FEA8A8 /* Debug configuration for PBXNativeTarget "Type.Oh" */ = {
			isa = XCBuildConfiguration;
			buildSettings = {
				ASSETCATALOG_COMPILER_ALTERNATE_APPICON_NAMES = menuBarIcon;
				ASSETCATALOG_COMPILER_APPICON_NAME = AppIcon;
				ASSETCATALOG_COMPILER_GLOBAL_ACCENT_COLOR_NAME = AccentColor;
				ASSETCATALOG_COMPILER_INCLUDE_ALL_APPICON_ASSETS = YES;
				CODE_SIGN_ENTITLEMENTS = Type.Oh/Type.Oh.entitlements;
				CODE_SIGN_STYLE = Automatic;
				COMBINE_HIDPI_IMAGES = YES;
				CURRENT_PROJECT_VERSION = 1;
				ENABLE_APP_SANDBOX = NO;
				ENABLE_PREVIEWS = YES;
				ENABLE_USER_SELECTED_FILES = readonly;
				GENERATE_INFOPLIST_FILE = YES;
				INFOPLIST_KEY_CFBundleDisplayName = Type.OH;
				INFOPLIST_KEY_LSApplicationCategoryType = "public.app-category.productivity";
				INFOPLIST_KEY_LSUIElement = YES;
				INFOPLIST_KEY_NSHumanReadableCopyright = "";
				INFOPLIST_KEY_NSMicrophoneUsageDescription = "Type.OH needs your microphone for voice recording.";
				LD_RUNPATH_SEARCH_PATHS = (
					"$(inherited)",
					"@executable_path/../Frameworks",
				);
				MACOSX_DEPLOYMENT_TARGET = 26.0;
				MARKETING_VERSION = 1.0;
				PRODUCT_BUNDLE_IDENTIFIER = "noob-noob420.Type-Oh";
				PRODUCT_NAME = "$(TARGET_NAME)";
				REGISTER_APP_GROUPS = YES;
				STRING_CATALOG_GENERATE_SYMBOLS = YES;
				SWIFT_APPROACHABLE_CONCURRENCY = YES;
				SWIFT_DEFAULT_ACTOR_ISOLATION = MainActor;
				SWIFT_EMIT_LOC_STRINGS = YES;
				SWIFT_UPCOMING_FEATURE_MEMBER_IMPORT_VISIBILITY = YES;
				SWIFT_VERSION = 5.0;
			};
			name = Debug;
		};
		24D7CEFD2FA5169900FEA8A8 /* Release configuration for PBXNativeTarget "Type.Oh" */ = {
			isa = XCBuildConfiguration;
			buildSettings = {
				ASSETCATALOG_COMPILER_ALTERNATE_APPICON_NAMES = menuBarIcon;
				ASSETCATALOG_COMPILER_APPICON_NAME = AppIcon;
				ASSETCATALOG_COMPILER_GLOBAL_ACCENT_COLOR_NAME = AccentColor;
				ASSETCATALOG_COMPILER_INCLUDE_ALL_APPICON_ASSETS = YES;
				CODE_SIGN_ENTITLEMENTS = Type.Oh/Type.Oh.entitlements;
				CODE_SIGN_STYLE = Automatic;
				COMBINE_HIDPI_IMAGES = YES;
				CURRENT_PROJECT_VERSION = 1;
				ENABLE_APP_SANDBOX = NO;
				ENABLE_PREVIEWS = YES;
				ENABLE_USER_SELECTED_FILES = readonly;
				GENERATE_INFOPLIST_FILE = YES;
				INFOPLIST_KEY_CFBundleDisplayName = Type.OH;
				INFOPLIST_KEY_LSApplicationCategoryType = "public.app-category.productivity";
				INFOPLIST_KEY_LSUIElement = YES;
				INFOPLIST_KEY_NSHumanReadableCopyright = "";
				INFOPLIST_KEY_NSMicrophoneUsageDescription = "Type.OH needs your microphone for voice recording.";
				LD_RUNPATH_SEARCH_PATHS = (
					"$(inherited)",
					"@executable_path/../Frameworks",
				);
				MACOSX_DEPLOYMENT_TARGET = 26.0;
				MARKETING_VERSION = 1.0;
				PRODUCT_BUNDLE_IDENTIFIER = "noob-noob420.Type-Oh";
				PRODUCT_NAME = "$(TARGET_NAME)";
				REGISTER_APP_GROUPS = YES;
				STRING_CATALOG_GENERATE_SYMBOLS = YES;
				SWIFT_APPROACHABLE_CONCURRENCY = YES;
				SWIFT_DEFAULT_ACTOR_ISOLATION = MainActor;
				SWIFT_EMIT_LOC_STRINGS = YES;
				SWIFT_UPCOMING_FEATURE_MEMBER_IMPORT_VISIBILITY = YES;
				SWIFT_VERSION = 5.0;
			};
			name = Release;
		};
/* End XCBuildConfiguration section */

/* Begin XCConfigurationList section */
		245E67FF2FA63C6300BB4C21 /* Build configuration list for PBXNativeTarget "Type.OhTests" */ = {
			isa = XCConfigurationList;
			buildConfigurations = (
				245E68002FA63C6300BB4C21 /* Debug configuration for PBXNativeTarget "Type.OhTests" */,
				245E68012FA63C6300BB4C21 /* Release configuration for PBXNativeTarget "Type.OhTests" */,
			);
			defaultConfigurationName = Release;
		};
		24D7CEEB2FA5169800FEA8A8 /* Build configuration list for PBXProject "Type.Oh" */ = {
			isa = XCConfigurationList;
			buildConfigurations = (
				24D7CEF92FA5169900FEA8A8 /* Debug configuration for PBXProject "Type.Oh" */,
				24D7CEFA2FA5169900FEA8A8 /* Release configuration for PBXProject "Type.Oh" */,
			);
			defaultConfigurationName = Release;
		};
		24D7CEFB2FA5169900FEA8A8 /* Build configuration list for PBXNativeTarget "Type.Oh" */ = {
			isa = XCConfigurationList;
			buildConfigurations = (
				24D7CEFC2FA5169900FEA8A8 /* Debug configuration for PBXNativeTarget "Type.Oh" */,
				24D7CEFD2FA5169900FEA8A8 /* Release configuration for PBXNativeTarget "Type.Oh" */,
			);
			defaultConfigurationName = Release;
		};
/* End XCConfigurationList section */

/* Begin XCRemoteSwiftPackageReference section */
		24D7D0432FA5622700FEA8A8 /* XCRemoteSwiftPackageReference "argmax-oss-swift" */ = {
			isa = XCRemoteSwiftPackageReference;
			repositoryURL = "https://github.com/argmaxinc/argmax-oss-swift";
			requirement = {
				branch = main;
				kind = branch;
			};
		};
/* End XCRemoteSwiftPackageReference section */

/* Begin XCSwiftPackageProductDependency section */
		24D7D0442FA5622700FEA8A8 /* WhisperKit */ = {
			isa = XCSwiftPackageProductDependency;
			package = 24D7D0432FA5622700FEA8A8 /* XCRemoteSwiftPackageReference "argmax-oss-swift" */;
			productName = WhisperKit;
		};
/* End XCSwiftPackageProductDependency section */
	};
	rootObject = 24D7CEE82FA5169800FEA8A8 /* Project object */;
}
